
Microsoft Visual Studio Solution File, Format Version 11.00
# Visual Studio 2010
Project("{FAE04EC0-301F-11D3-BF4B-00C04F79EFBC}") = "Assembly-CSharp", "Assembly-CSharp.csproj", "{2889987A-AE8D-DE47-22D7-D15C8394659D}"
EndProject
Project("{FAE04EC0-301F-11D3-BF4B-00C04F79EFBC}") = "Assembly-CSharp-Editor", "Assembly-CSharp-Editor.csproj", "{652ABB9E-0C1D-76A5-9DE3-793DB47608C4}"
EndProject
Global
	GlobalSection(SolutionConfigurationPlatforms) = preSolution
		Debug|Any CPU = Debug|Any CPU
		Release|Any CPU = Release|Any CPU
	EndGlobalSection
	GlobalSection(ProjectConfigurationPlatforms) = postSolution
		{2889987A-AE8D-DE47-22D7-D15C8394659D}.Debug|Any CPU.ActiveCfg = Debug|Any CPU
		{2889987A-AE8D-DE47-22D7-D15C8394659D}.Debug|Any CPU.Build.0 = Debug|Any CPU
		{2889987A-AE8D-DE47-22D7-D15C8394659D}.Release|Any CPU.ActiveCfg = Release|Any CPU
		{2889987A-AE8D-DE47-22D7-D15C8394659D}.Release|Any CPU.Build.0 = Release|Any CPU
		{652ABB9E-0C1D-76A5-9DE3-793DB47608C4}.Debug|Any CPU.ActiveCfg = Debug|Any CPU
		{652ABB9E-0C1D-76A5-9DE3-793DB47608C4}.Debug|Any CPU.Build.0 = Debug|Any CPU
		{652ABB9E-0C1D-76A5-9DE3-793DB47608C4}.Release|Any CPU.ActiveCfg = Release|Any CPU
		{652ABB9E-0C1D-76A5-9DE3-793DB47608C4}.Release|Any CPU.Build.0 = Release|Any CPU
	EndGlobalSection
	GlobalSection(SolutionProperties) = preSolution
		HideSolutionNode = FALSE
	EndGlobalSection
	GlobalSection(MonoDevelopProperties) = preSolution
		StartupItem = Assembly-CSharp.csproj
	EndGlobalSection
EndGlobal
